{
  "name": "aff_mirror",
  "version": "1.0.0",
  "lockfileVersion": 3,
  "requires": true,
  "packages": {
    "": {
      "name": "aff_mirror",
      "version": "1.0.0",
      "license": "ISC",
      "dependencies": {
        "@abaplint/cli": "^2.119.12"
      }
    },
    "node_modules/@abaplint/cli": {
      "version": "2.119.12",
      "resolved": "https://registry.npmjs.org/@abaplint/cli/-/cli-2.119.12.tgz",
      "integrity": "sha512-Qtv2NVW4D57p9D/+l94NPIzu63cuXJi86HnToYyOCs3pKrmM1Q44Io6SeSC+ldaiZPHfhNQcIlzmXqdJXqQEtA==",
      "license": "MIT",
      "bin": {
        "abaplint": "abaplint"
      },
      "engines": {
        "node": ">=18.0.0"
      },
      "funding": {
        "url": "https://github.com/sponsors/larshp"
      }
    }
  }
}
