{
  "name": "aff_mirror",
  "version": "1.0.0",
  "lockfileVersion": 3,
  "requires": true,
  "packages": {
    "": {
      "name": "aff_mirror",
      "version": "1.0.0",
      "license": "ISC",
      "dependencies": {
        "@abaplint/cli": "^2.113.237"
      }
    },
    "node_modules/@abaplint/cli": {
      "version": "2.113.237",
      "resolved": "https://registry.npmjs.org/@abaplint/cli/-/cli-2.113.237.tgz",
      "integrity": "sha512-RVpqZBQo3dr9Rd9mnC7DtNzCwobvoRFRJkIQkHk+BNrfY9Xm3yPAlG+u9zzANTSpe6OLbgbBGoKLyb3rDh9+0A==",
      "license": "MIT",
      "bin": {
        "abaplint": "abaplint"
      },
      "engines": {
        "node": ">=12.0.0"
      },
      "funding": {
        "url": "https://github.com/sponsors/larshp"
      }
    }
  }
}
