{
  "name": "aff_mirror",
  "version": "1.0.0",
  "lockfileVersion": 3,
  "requires": true,
  "packages": {
    "": {
      "name": "aff_mirror",
      "version": "1.0.0",
      "license": "ISC",
      "dependencies": {
        "@abaplint/cli": "^2.120.8"
      }
    },
    "node_modules/@abaplint/cli": {
      "version": "2.120.8",
      "resolved": "https://registry.npmjs.org/@abaplint/cli/-/cli-2.120.8.tgz",
      "integrity": "sha512-kz+TpLApe6Ja4bY5MwH+x3869+BFCp/2v6liZuOfyKHQ88SMfIVDRbCh1XrSAyRfEsRFTzAhfgmVVtLQeytddA==",
      "license": "MIT",
      "bin": {
        "abaplint": "abaplint"
      },
      "engines": {
        "node": ">=18.0.0"
      },
      "funding": {
        "url": "https://github.com/sponsors/larshp"
      }
    }
  }
}
